// !$*UTF8*$!
{
	archiveVersion = 1;
	classes = {
	};
	objectVersion = 46;
	objects = {

/* Begin PBXBuildFile section */
		080446031DB3149500BB2E8F /* ScoresViewController.swift in Sources */ = {isa = PBXBuildFile; fileRef = 080446021DB3149500BB2E8F /* ScoresViewController.swift */; };
		080446051DB4396B00BB2E8F /* MenuViewController.swift in Sources */ = {isa = PBXBuildFile; fileRef = 080446041DB4396B00BB2E8F /* MenuViewController.swift */; };
		082CF9FB1DAF1DA5009F0D1B /* UIViewExtensions.swift in Sources */ = {isa = PBXBuildFile; fileRef = 082CF9FA1DAF1DA5009F0D1B /* UIViewExtensions.swift */; };
		085345DF1DA768FB004904C8 /* AppDelegate.swift in Sources */ = {isa = PBXBuildFile; fileRef = 085345DE1DA768FB004904C8 /* AppDelegate.swift */; };
		085345E11DA768FB004904C8 /* ViewController.swift in Sources */ = {isa = PBXBuildFile; fileRef = 085345E01DA768FB004904C8 /* ViewController.swift */; };
		085345E41DA768FB004904C8 /* Main.storyboard in Resources */ = {isa = PBXBuildFile; fileRef = 085345E21DA768FB004904C8 /* Main.storyboard */; };
		085345E71DA768FB004904C8 /* NerdNumbers.xcdatamodeld in Sources */ = {isa = PBXBuildFile; fileRef = 085345E51DA768FB004904C8 /* NerdNumbers.xcdatamodeld */; };
		085345E91DA768FB004904C8 /* Assets.xcassets in Resources */ = {isa = PBXBuildFile; fileRef = 085345E81DA768FB004904C8 /* Assets.xcassets */; };
		085345EC1DA768FB004904C8 /* LaunchScreen.storyboard in Resources */ = {isa = PBXBuildFile; fileRef = 085345EA1DA768FB004904C8 /* LaunchScreen.storyboard */; };
		085346181DA9F56C004904C8 /* GameBoardViewController.swift in Sources */ = {isa = PBXBuildFile; fileRef = 085346171DA9F56C004904C8 /* GameBoardViewController.swift */; };
/* End PBXBuildFile section */

/* Begin PBXFileReference section */
		080446021DB3149500BB2E8F /* ScoresViewController.swift */ = {isa = PBXFileReference; fileEncoding = 4; lastKnownFileType = sourcecode.swift; path = ScoresViewController.swift; sourceTree = "<group>"; };
		080446041DB4396B00BB2E8F /* MenuViewController.swift */ = {isa = PBXFileReference; fileEncoding = 4; lastKnownFileType = sourcecode.swift; path = MenuViewController.swift; sourceTree = "<group>"; };
		082CF9FA1DAF1DA5009F0D1B /* UIViewExtensions.swift */ = {isa = PBXFileReference; fileEncoding = 4; lastKnownFileType = sourcecode.swift; path = UIViewExtensions.swift; sourceTree = "<group>"; };
		085345DB1DA768FB004904C8 /* NerdNumbers.app */ = {isa = PBXFileReference; explicitFileType = wrapper.application; includeInIndex = 0; path = NerdNumbers.app; sourceTree = BUILT_PRODUCTS_DIR; };
		085345DE1DA768FB004904C8 /* AppDelegate.swift */ = {isa = PBXFileReference; lastKnownFileType = sourcecode.swift; path = AppDelegate.swift; sourceTree = "<group>"; };
		085345E01DA768FB004904C8 /* ViewController.swift */ = {isa = PBXFileReference; lastKnownFileType = sourcecode.swift; path = ViewController.swift; sourceTree = "<group>"; };
		085345E31DA768FB004904C8 /* Base */ = {isa = PBXFileReference; lastKnownFileType = file.storyboard; name = Base; path = Base.lproj/Main.storyboard; sourceTree = "<group>"; };
		085345E61DA768FB004904C8 /* NerdNumbers.xcdatamodel */ = {isa = PBXFileReference; lastKnownFileType = wrapper.xcdatamodel; path = NerdNumbers.xcdatamodel; sourceTree = "<group>"; };
		085345E81DA768FB004904C8 /* Assets.xcassets */ = {isa = PBXFileReference; lastKnownFileType = folder.assetcatalog; path = Assets.xcassets; sourceTree = "<group>"; };
		085345EB1DA768FB004904C8 /* Base */ = {isa = PBXFileReference; lastKnownFileType = file.storyboard; name = Base; path = Base.lproj/LaunchScreen.storyboard; sourceTree = "<group>"; };
		085345ED1DA768FB004904C8 /* Info.plist */ = {isa = PBXFileReference; lastKnownFileType = text.plist.xml; path = Info.plist; sourceTree = "<group>"; };
		085346171DA9F56C004904C8 /* GameBoardViewController.swift */ = {isa = PBXFileReference; fileEncoding = 4; lastKnownFileType = sourcecode.swift; path = GameBoardViewController.swift; sourceTree = "<group>"; };
/* End PBXFileReference section */

/* Begin PBXFrameworksBuildPhase section */
		085345D81DA768FB004904C8 /* Frameworks */ = {
			isa = PBXFrameworksBuildPhase;
			buildActionMask = 2147483647;
			files = (
			);
			runOnlyForDeploymentPostprocessing = 0;
		};
/* End PBXFrameworksBuildPhase section */

/* Begin PBXGroup section */
		085345D21DA768FB004904C8 = {
			isa = PBXGroup;
			children = (
				085345DD1DA768FB004904C8 /* NerdNumbers */,
				085345DC1DA768FB004904C8 /* Products */,
			);
			sourceTree = "<group>";
		};
		085345DC1DA768FB004904C8 /* Products */ = {
			isa = PBXGroup;
			children = (
				085345DB1DA768FB004904C8 /* NerdNumbers.app */,
			);
			name = Products;
			sourceTree = "<group>";
		};
		085345DD1DA768FB004904C8 /* NerdNumbers */ = {
			isa = PBXGroup;
			children = (
				085345DE1DA768FB004904C8 /* AppDelegate.swift */,
				085345E01DA768FB004904C8 /* ViewController.swift */,
				085345E21DA768FB004904C8 /* Main.storyboard */,
				080446041DB4396B00BB2E8F /* MenuViewController.swift */,
				080446021DB3149500BB2E8F /* ScoresViewController.swift */,
				085346171DA9F56C004904C8 /* GameBoardViewController.swift */,
				082CF9FA1DAF1DA5009F0D1B /* UIViewExtensions.swift */,
				085345E81DA768FB004904C8 /* Assets.xcassets */,
				085345EA1DA768FB004904C8 /* LaunchScreen.storyboard */,
				085345ED1DA768FB004904C8 /* Info.plist */,
				085345E51DA768FB004904C8 /* NerdNumbers.xcdatamodeld */,
			);
			path = NerdNumbers;
			sourceTree = "<group>";
		};
/* End PBXGroup section */

/* Begin PBXNativeTarget section */
		085345DA1DA768FB004904C8 /* NerdNumbers */ = {
			isa = PBXNativeTarget;
			buildConfigurationList = 085345F01DA768FB004904C8 /* Build configuration list for PBXNativeTarget "NerdNumbers" */;
			buildPhases = (
				085345D71DA768FB004904C8 /* Sources */,
				085345D81DA768FB004904C8 /* Frameworks */,
				085345D91DA768FB004904C8 /* Resources */,
			);
			buildRules = (
			);
			dependencies = (
			);
			name = NerdNumbers;
			productName = NerdNumbers;
			productReference = 085345DB1DA768FB004904C8 /* NerdNumbers.app */;
			productType = "com.apple.product-type.application";
		};
/* End PBXNativeTarget section */

/* Begin PBXProject section */
		085345D31DA768FB004904C8 /* Project object */ = {
			isa = PBXProject;
			attributes = {
				LastSwiftUpdateCheck = 0800;
				LastUpgradeCheck = 0800;
				ORGANIZATIONNAME = "TREVOR E GRIFFIN";
				TargetAttributes = {
					085345DA1DA768FB004904C8 = {
						CreatedOnToolsVersion = 8.0;
						DevelopmentTeam = MQLCG95E87;
						ProvisioningStyle = Automatic;
					};
				};
			};
			buildConfigurationList = 085345D61DA768FB004904C8 /* Build configuration list for PBXProject "NerdNumbers" */;
			compatibilityVersion = "Xcode 3.2";
			developmentRegion = English;
			hasScannedForEncodings = 0;
			knownRegions = (
				en,
				Base,
			);
			mainGroup = 085345D21DA768FB004904C8;
			productRefGroup = 085345DC1DA768FB004904C8 /* Products */;
			projectDirPath = "";
			projectRoot = "";
			targets = (
				085345DA1DA768FB004904C8 /* NerdNumbers */,
			);
		};
/* End PBXProject section */

/* Begin PBXResourcesBuildPhase section */
		085345D91DA768FB004904C8 /* Resources */ = {
			isa = PBXResourcesBuildPhase;
			buildActionMask = 2147483647;
			files = (
				085345EC1DA768FB004904C8 /* LaunchScreen.storyboard in Resources */,
				085345E91DA768FB004904C8 /* Assets.xcassets in Resources */,
				085345E41DA768FB004904C8 /* Main.storyboard in Resources */,
			);
			runOnlyForDeploymentPostprocessing = 0;
		};
/* End PBXResourcesBuildPhase section */

/* Begin PBXSourcesBuildPhase section */
		085345D71DA768FB004904C8 /* Sources */ = {
			isa = PBXSourcesBuildPhase;
			buildActionMask = 2147483647;
			files = (
				085345E11DA768FB004904C8 /* ViewController.swift in Sources */,
				080446031DB3149500BB2E8F /* ScoresViewController.swift in Sources */,
				082CF9FB1DAF1DA5009F0D1B /* UIViewExtensions.swift in Sources */,
				080446051DB4396B00BB2E8F /* MenuViewController.swift in Sources */,
				085346181DA9F56C004904C8 /* GameBoardViewController.swift in Sources */,
				085345E71DA768FB004904C8 /* NerdNumbers.xcdatamodeld in Sources */,
				085345DF1DA768FB004904C8 /* AppDelegate.swift in Sources */,
			);
			runOnlyForDeploymentPostprocessing = 0;
		};
/* End PBXSourcesBuildPhase section */

/* Begin PBXVariantGroup section */
		085345E21DA768FB004904C8 /* Main.storyboard */ = {
			isa = PBXVariantGroup;
			children = (
				085345E31DA768FB004904C8 /* Base */,
			);
			name = Main.storyboard;
			sourceTree = "<group>";
		};
		085345EA1DA768FB004904C8 /* LaunchScreen.storyboard */ = {
			isa = PBXVariantGroup;
			children = (
				085345EB1DA768FB004904C8 /* Base */,
			);
			name = LaunchScreen.storyboard;
			sourceTree = "<group>";
		};
/* End PBXVariantGroup section */

/* Begin XCBuildConfiguration section */
		085345EE1DA768FB004904C8 /* Debug */ = {
			isa = XCBuildConfiguration;
			buildSettings = {
				ALWAYS_SEARCH_USER_PATHS = NO;
				CLANG_ANALYZER_NONNULL = YES;
				CLANG_CXX_LANGUAGE_STANDARD = "gnu++0x";
				CLANG_CXX_LIBRARY = "libc++";
				CLANG_ENABLE_MODULES = YES;
				CLANG_ENABLE_OBJC_ARC = YES;
				CLANG_WARN_BOOL_CONVERSION = YES;
				CLANG_WARN_CONSTANT_CONVERSION = YES;
				CLANG_WARN_DIRECT_OBJC_ISA_USAGE = YES_ERROR;
				CLANG_WARN_DOCUMENTATION_COMMENTS = YES;
				CLANG_WARN_EMPTY_BODY = YES;
				CLANG_WARN_ENUM_CONVERSION = YES;
				CLANG_WARN_INFINITE_RECURSION = YES;
				CLANG_WARN_INT_CONVERSION = YES;
				CLANG_WARN_OBJC_ROOT_CLASS = YES_ERROR;
				CLANG_WARN_SUSPICIOUS_MOVES = YES;
				CLANG_WARN_UNREACHABLE_CODE = YES;
				CLANG_WARN__DUPLICATE_METHOD_MATCH = YES;
				"CODE_SIGN_IDENTITY[sdk=iphoneos*]" = "iPhone Developer";
				COPY_PHASE_STRIP = NO;
				DEBUG_INFORMATION_FORMAT = dwarf;
				ENABLE_STRICT_OBJC_MSGSEND = YES;
				ENABLE_TESTABILITY = YES;
				GCC_C_LANGUAGE_STANDARD = gnu99;
				GCC_DYNAMIC_NO_PIC = NO;
				GCC_NO_COMMON_BLOCKS = YES;
				GCC_OPTIMIZATION_LEVEL = 0;
				GCC_PREPROCESSOR_DEFINITIONS = (
					"DEBUG=1",
					"$(inherited)",
				);
				GCC_WARN_64_TO_32_BIT_CONVERSION = YES;
				GCC_WARN_ABOUT_RETURN_TYPE = YES_ERROR;
				GCC_WARN_UNDECLARED_SELECTOR = YES;
				GCC_WARN_UNINITIALIZED_AUTOS = YES_AGGRESSIVE;
				GCC_WARN_UNUSED_FUNCTION = YES;
				GCC_WARN_UNUSED_VARIABLE = YES;
				IPHONEOS_DEPLOYMENT_TARGET = 10.0;
				MTL_ENABLE_DEBUG_INFO = YES;
				ONLY_ACTIVE_ARCH = YES;
				SDKROOT = iphoneos;
				SWIFT_ACTIVE_COMPILATION_CONDITIONS = DEBUG;
				SWIFT_OPTIMIZATION_LEVEL = "-Onone";
			};
			name = Debug;
		};
		085345EF1DA768FB004904C8 /* Release */ = {
			isa = XCBuildConfiguration;
			buildSettings = {
				ALWAYS_SEARCH_USER_PATHS = NO;
				CLANG_ANALYZER_NONNULL = YES;
				CLANG_CXX_LANGUAGE_STANDARD = "gnu++0x";
				CLANG_CXX_LIBRARY = "libc++";
				CLANG_ENABLE_MODULES = YES;
				CLANG_ENABLE_OBJC_ARC = YES;
				CLANG_WARN_BOOL_CONVERSION = YES;
				CLANG_WARN_CONSTANT_CONVERSION = YES;
				CLANG_WARN_DIRECT_OBJC_ISA_USAGE = YES_ERROR;
				CLANG_WARN_DOCUMENTATION_COMMENTS = YES;
				CLANG_WARN_EMPTY_BODY = YES;
				CLANG_WARN_ENUM_CONVERSION = YES;
				CLANG_WARN_INFINITE_RECURSION = YES;
				CLANG_WARN_INT_CONVERSION = YES;
				CLANG_WARN_OBJC_ROOT_CLASS = YES_ERROR;
				CLANG_WARN_SUSPICIOUS_MOVES = YES;
				CLANG_WARN_UNREACHABLE_CODE = YES;
				CLANG_WARN__DUPLICATE_METHOD_MATCH = YES;
				"CODE_SIGN_IDENTITY[sdk=iphoneos*]" = "iPhone Developer";
				COPY_PHASE_STRIP = NO;
				DEBUG_INFORMATION_FORMAT = "dwarf-with-dsym";
				ENABLE_NS_ASSERTIONS = NO;
				ENABLE_STRICT_OBJC_MSGSEND = YES;
				GCC_C_LANGUAGE_STANDARD = gnu99;
				GCC_NO_COMMON_BLOCKS = YES;
				GCC_WARN_64_TO_32_BIT_CONVERSION = YES;
				GCC_WARN_ABOUT_RETURN_TYPE = YES_ERROR;
				GCC_WARN_UNDECLARED_SELECTOR = YES;
				GCC_WARN_UNINITIALIZED_AUTOS = YES_AGGRESSIVE;
				GCC_WARN_UNUSED_FUNCTION = YES;
				GCC_WARN_UNUSED_VARIABLE = YES;
				IPHONEOS_DEPLOYMENT_TARGET = 10.0;
				MTL_ENABLE_DEBUG_INFO = NO;
				SDKROOT = iphoneos;
				SWIFT_OPTIMIZATION_LEVEL = "-Owholemodule";
				VALIDATE_PRODUCT = YES;
			};
			name = Release;
		};
		085345F11DA768FB004904C8 /* Debug */ = {
			isa = XCBuildConfiguration;
			buildSettings = {
				ASSETCATALOG_COMPILER_APPICON_NAME = AppIcon;
				DEVELOPMENT_TEAM = MQLCG95E87;
				INFOPLIST_FILE = NerdNumbers/Info.plist;
				LD_RUNPATH_SEARCH_PATHS = "$(inherited) @executable_path/Frameworks";
				PRODUCT_BUNDLE_IDENTIFIER = self.edu.trevoregriffin.NerdNumbers;
				PRODUCT_NAME = "$(TARGET_NAME)";
				SWIFT_VERSION = 3.0;
			};
			name = Debug;
		};
		085345F21DA768FB004904C8 /* Release */ = {
			isa = XCBuildConfiguration;
			buildSettings = {
				ASSETCATALOG_COMPILER_APPICON_NAME = AppIcon;
				DEVELOPMENT_TEAM = MQLCG95E87;
				INFOPLIST_FILE = NerdNumbers/Info.plist;
				LD_RUNPATH_SEARCH_PATHS = "$(inherited) @executable_path/Frameworks";
				PRODUCT_BUNDLE_IDENTIFIER = self.edu.trevoregriffin.NerdNumbers;
				PRODUCT_NAME = "$(TARGET_NAME)";
				SWIFT_VERSION = 3.0;
			};
			name = Release;
		};
/* End XCBuildConfiguration section */

/* Begin XCConfigurationList section */
		085345D61DA768FB004904C8 /* Build configuration list for PBXProject "NerdNumbers" */ = {
			isa = XCConfigurationList;
			buildConfigurations = (
				085345EE1DA768FB004904C8 /* Debug */,
				085345EF1DA768FB004904C8 /* Release */,
			);
			defaultConfigurationIsVisible = 0;
			defaultConfigurationName = Release;
		};
		085345F01DA768FB004904C8 /* Build configuration list for PBXNativeTarget "NerdNumbers" */ = {
			isa = XCConfigurationList;
			buildConfigurations = (
				085345F11DA768FB004904C8 /* Debug */,
				085345F21DA768FB004904C8 /* Release */,
			);
			defaultConfigurationIsVisible = 0;
			defaultConfigurationName = Release;
		};
/* End XCConfigurationList section */

/* Begin XCVersionGroup section */
		085345E51DA768FB004904C8 /* NerdNumbers.xcdatamodeld */ = {
			isa = XCVersionGroup;
			children = (
				085345E61DA768FB004904C8 /* NerdNumbers.xcdatamodel */,
			);
			currentVersion = 085345E61DA768FB004904C8 /* NerdNumbers.xcdatamodel */;
			path = NerdNumbers.xcdatamodeld;
			sourceTree = "<group>";
			versionGroupType = wrapper.xcdatamodel;
		};
/* End XCVersionGroup section */
	};
	rootObject = 085345D31DA768FB004904C8 /* Project object */;
}
